
Microsoft Visual Studio Solution File, Format Version 12.00
# Visual Studio Version 17
VisualStudioVersion = 17.0.31903.59
MinimumVisualStudioVersion = 10.0.40219.1
Project("{FAE04EC0-301F-11D3-BF4B-00C04F79EFBC}") = "RetCodeTester", "RetCodeTester\RetCodeTester.csproj", "{0D3CC07E-2369-49B6-80AE-ADBFF0178397}"
EndProject
Project("{FAE04EC0-301F-11D3-BF4B-00C04F79EFBC}") = "RetCodeAPI", "RetCodeAPI\RetCodeAPI.csproj", "{E9BA2948-51FE-4817-AE1B-1293FEFEBCEA}"
EndProject
Global
	GlobalSection(SolutionConfigurationPlatforms) = preSolution
		Debug|Any CPU = Debug|Any CPU
		Release|Any CPU = Release|Any CPU
	EndGlobalSection
	GlobalSection(SolutionProperties) = preSolution
		HideSolutionNode = FALSE
	EndGlobalSection
	GlobalSection(ProjectConfigurationPlatforms) = postSolution
		{0D3CC07E-2369-49B6-80AE-ADBFF0178397}.Debug|Any CPU.ActiveCfg = Debug|Any CPU
		{0D3CC07E-2369-49B6-80AE-ADBFF0178397}.Debug|Any CPU.Build.0 = Debug|Any CPU
		{0D3CC07E-2369-49B6-80AE-ADBFF0178397}.Release|Any CPU.ActiveCfg = Release|Any CPU
		{0D3CC07E-2369-49B6-80AE-ADBFF0178397}.Release|Any CPU.Build.0 = Release|Any CPU
		{E9BA2948-51FE-4817-AE1B-1293FEFEBCEA}.Debug|Any CPU.ActiveCfg = Debug|Any CPU
		{E9BA2948-51FE-4817-AE1B-1293FEFEBCEA}.Debug|Any CPU.Build.0 = Debug|Any CPU
		{E9BA2948-51FE-4817-AE1B-1293FEFEBCEA}.Release|Any CPU.ActiveCfg = Release|Any CPU
		{E9BA2948-51FE-4817-AE1B-1293FEFEBCEA}.Release|Any CPU.Build.0 = Release|Any CPU
	EndGlobalSection
EndGlobal
